
Microsoft Visual Studio Solution File, Format Version 12.00
# Visual Studio 15
VisualStudioVersion = 15.0.27004.2009
MinimumVisualStudioVersion = 10.0.40219.1
Project("{FAE04EC0-301F-11D3-BF4B-00C04F79EFBC}") = "SoftArch", "SoftArch\SoftArch.csproj", "{E400BD3F-C802-4B48-9951-CE3F9EC67D38}"
EndProject
Project("{FAE04EC0-301F-11D3-BF4B-00C04F79EFBC}") = "SoftArch._Console", "SoftArch._Console\SoftArch._Console.csproj", "{520BFE0E-76E8-48F5-BD18-7B7200D3D4F0}"
EndProject
Project("{FAE04EC0-301F-11D3-BF4B-00C04F79EFBC}") = "SoftArch._Tests", "SoftArch._Tests\SoftArch._Tests.csproj", "{DFD21919-00A7-4861-BFDD-3E8EE65E794E}"
EndProject
Global
	GlobalSection(SolutionConfigurationPlatforms) = preSolution
		Debug|Any CPU = Debug|Any CPU
		Release|Any CPU = Release|Any CPU
	EndGlobalSection
	GlobalSection(ProjectConfigurationPlatforms) = postSolution
		{E400BD3F-C802-4B48-9951-CE3F9EC67D38}.Debug|Any CPU.ActiveCfg = Debug|Any CPU
		{E400BD3F-C802-4B48-9951-CE3F9EC67D38}.Debug|Any CPU.Build.0 = Debug|Any CPU
		{E400BD3F-C802-4B48-9951-CE3F9EC67D38}.Release|Any CPU.ActiveCfg = Release|Any CPU
		{E400BD3F-C802-4B48-9951-CE3F9EC67D38}.Release|Any CPU.Build.0 = Release|Any CPU
		{520BFE0E-76E8-48F5-BD18-7B7200D3D4F0}.Debug|Any CPU.ActiveCfg = Debug|Any CPU
		{520BFE0E-76E8-48F5-BD18-7B7200D3D4F0}.Debug|Any CPU.Build.0 = Debug|Any CPU
		{520BFE0E-76E8-48F5-BD18-7B7200D3D4F0}.Release|Any CPU.ActiveCfg = Release|Any CPU
		{520BFE0E-76E8-48F5-BD18-7B7200D3D4F0}.Release|Any CPU.Build.0 = Release|Any CPU
		{DFD21919-00A7-4861-BFDD-3E8EE65E794E}.Debug|Any CPU.ActiveCfg = Debug|Any CPU
		{DFD21919-00A7-4861-BFDD-3E8EE65E794E}.Debug|Any CPU.Build.0 = Debug|Any CPU
		{DFD21919-00A7-4861-BFDD-3E8EE65E794E}.Release|Any CPU.ActiveCfg = Release|Any CPU
		{DFD21919-00A7-4861-BFDD-3E8EE65E794E}.Release|Any CPU.Build.0 = Release|Any CPU
	EndGlobalSection
	GlobalSection(SolutionProperties) = preSolution
		HideSolutionNode = FALSE
	EndGlobalSection
	GlobalSection(ExtensibilityGlobals) = postSolution
		SolutionGuid = {8C4475B2-54BB-4536-B1C8-B6F6E755FE5E}
	EndGlobalSection
EndGlobal
